// !$*UTF8*$!
{
	archiveVersion = 1;
	classes = {
	};
	objectVersion = 46;
	objects = {

/* Begin PBXBuildFile section */
		68F97DC11A49117D00D2742E /* main.m in Sources */ = {isa = PBXBuildFile; fileRef = 68F97DC01A49117D00D2742E /* main.m */; };
		68F97DC41A49117D00D2742E /* AppDelegate.m in Sources */ = {isa = PBXBuildFile; fileRef = 68F97DC31A49117D00D2742E /* AppDelegate.m */; };
		68F97DCA1A49117D00D2742E /* Main.storyboard in Resources */ = {isa = PBXBuildFile; fileRef = 68F97DC81A49117D00D2742E /* Main.storyboard */; };
		68F97DCC1A49117D00D2742E /* Images.xcassets in Resources */ = {isa = PBXBuildFile; fileRef = 68F97DCB1A49117D00D2742E /* Images.xcassets */; };
		68F97DCF1A49117D00D2742E /* LaunchScreen.xib in Resources */ = {isa = PBXBuildFile; fileRef = 68F97DCD1A49117D00D2742E /* LaunchScreen.xib */; };
		68F97DE51A49118C00D2742E /* JavaScriptCore.framework in Frameworks */ = {isa = PBXBuildFile; fileRef = 68F97DE41A49118C00D2742E /* JavaScriptCore.framework */; };
		68F97DE71A49119500D2742E /* CoreLocation.framework in Frameworks */ = {isa = PBXBuildFile; fileRef = 68F97DE61A49119500D2742E /* CoreLocation.framework */; };
		68F97DE91A49119B00D2742E /* CoreBluetooth.framework in Frameworks */ = {isa = PBXBuildFile; fileRef = 68F97DE81A49119B00D2742E /* CoreBluetooth.framework */; };
		68F97DFA1A49123C00D2742E /* ActivityViewController.m in Sources */ = {isa = PBXBuildFile; fileRef = 68F97DEB1A49123C00D2742E /* ActivityViewController.m */; };
		68F97DFB1A49123C00D2742E /* BeaconsViewController.m in Sources */ = {isa = PBXBuildFile; fileRef = 68F97DED1A49123C00D2742E /* BeaconsViewController.m */; };
		68F97DFC1A49123C00D2742E /* WKJs.m in Sources */ = {isa = PBXBuildFile; fileRef = 68F97DF01A49123C00D2742E /* WKJs.m */; };
		68F97DFE1A49123C00D2742E /* WKRegionActivities.m in Sources */ = {isa = PBXBuildFile; fileRef = 68F97DF31A49123C00D2742E /* WKRegionActivities.m */; };
		68F97DFF1A49123C00D2742E /* WKRegionActivity.m in Sources */ = {isa = PBXBuildFile; fileRef = 68F97DF51A49123C00D2742E /* WKRegionActivity.m */; };
		68F97E001A49123C00D2742E /* RegionsTableViewCell.m in Sources */ = {isa = PBXBuildFile; fileRef = 68F97DF71A49123C00D2742E /* RegionsTableViewCell.m */; };
		68F97E011A49123C00D2742E /* RegionsViewController.m in Sources */ = {isa = PBXBuildFile; fileRef = 68F97DF91A49123C00D2742E /* RegionsViewController.m */; };
/* End PBXBuildFile section */

/* Begin PBXFileReference section */
		68F97DBB1A49117D00D2742E /* RegionFramework.app */ = {isa = PBXFileReference; explicitFileType = wrapper.application; includeInIndex = 0; path = RegionFramework.app; sourceTree = BUILT_PRODUCTS_DIR; };
		68F97DBF1A49117D00D2742E /* Info.plist */ = {isa = PBXFileReference; lastKnownFileType = text.plist.xml; path = Info.plist; sourceTree = "<group>"; };
		68F97DC01A49117D00D2742E /* main.m */ = {isa = PBXFileReference; lastKnownFileType = sourcecode.c.objc; path = main.m; sourceTree = "<group>"; };
		68F97DC21A49117D00D2742E /* AppDelegate.h */ = {isa = PBXFileReference; lastKnownFileType = sourcecode.c.h; path = AppDelegate.h; sourceTree = "<group>"; };
		68F97DC31A49117D00D2742E /* AppDelegate.m */ = {isa = PBXFileReference; lastKnownFileType = sourcecode.c.objc; path = AppDelegate.m; sourceTree = "<group>"; };
		68F97DC91A49117D00D2742E /* Base */ = {isa = PBXFileReference; lastKnownFileType = file.storyboard; name = Base; path = Base.lproj/Main.storyboard; sourceTree = "<group>"; };
		68F97DCB1A49117D00D2742E /* Images.xcassets */ = {isa = PBXFileReference; lastKnownFileType = folder.assetcatalog; path = Images.xcassets; sourceTree = "<group>"; };
		68F97DCE1A49117D00D2742E /* Base */ = {isa = PBXFileReference; lastKnownFileType = file.xib; name = Base; path = Base.lproj/LaunchScreen.xib; sourceTree = "<group>"; };
		68F97DD91A49117E00D2742E /* Info.plist */ = {isa = PBXFileReference; lastKnownFileType = text.plist.xml; path = Info.plist; sourceTree = "<group>"; };
		68F97DDA1A49117E00D2742E /* RegionFrameworkTests.m */ = {isa = PBXFileReference; lastKnownFileType = sourcecode.c.objc; path = RegionFrameworkTests.m; sourceTree = "<group>"; };
		68F97DE41A49118C00D2742E /* JavaScriptCore.framework */ = {isa = PBXFileReference; lastKnownFileType = wrapper.framework; name = JavaScriptCore.framework; path = System/Library/Frameworks/JavaScriptCore.framework; sourceTree = SDKROOT; };
		68F97DE61A49119500D2742E /* CoreLocation.framework */ = {isa = PBXFileReference; lastKnownFileType = wrapper.framework; name = CoreLocation.framework; path = System/Library/Frameworks/CoreLocation.framework; sourceTree = SDKROOT; };
		68F97DE81A49119B00D2742E /* CoreBluetooth.framework */ = {isa = PBXFileReference; lastKnownFileType = wrapper.framework; name = CoreBluetooth.framework; path = System/Library/Frameworks/CoreBluetooth.framework; sourceTree = SDKROOT; };
		68F97DEA1A49123C00D2742E /* ActivityViewController.h */ = {isa = PBXFileReference; fileEncoding = 4; lastKnownFileType = sourcecode.c.h; path = ActivityViewController.h; sourceTree = "<group>"; };
		68F97DEB1A49123C00D2742E /* ActivityViewController.m */ = {isa = PBXFileReference; fileEncoding = 4; lastKnownFileType = sourcecode.c.objc; path = ActivityViewController.m; sourceTree = "<group>"; };
		68F97DEC1A49123C00D2742E /* BeaconsViewController.h */ = {isa = PBXFileReference; fileEncoding = 4; lastKnownFileType = sourcecode.c.h; path = BeaconsViewController.h; sourceTree = "<group>"; };
		68F97DED1A49123C00D2742E /* BeaconsViewController.m */ = {isa = PBXFileReference; fileEncoding = 4; lastKnownFileType = sourcecode.c.objc; path = BeaconsViewController.m; sourceTree = "<group>"; };
		68F97DEF1A49123C00D2742E /* WKJs.h */ = {isa = PBXFileReference; fileEncoding = 4; lastKnownFileType = sourcecode.c.h; path = WKJs.h; sourceTree = "<group>"; };
		68F97DF01A49123C00D2742E /* WKJs.m */ = {isa = PBXFileReference; fileEncoding = 4; lastKnownFileType = sourcecode.c.objc; path = WKJs.m; sourceTree = "<group>"; };
		68F97DF11A49123C00D2742E /* WKJs.md */ = {isa = PBXFileReference; fileEncoding = 4; lastKnownFileType = net.daringfireball.markdown; path = WKJs.md; sourceTree = "<group>"; };
		68F97DF21A49123C00D2742E /* WKRegionActivities.h */ = {isa = PBXFileReference; fileEncoding = 4; lastKnownFileType = sourcecode.c.h; path = WKRegionActivities.h; sourceTree = "<group>"; };
		68F97DF31A49123C00D2742E /* WKRegionActivities.m */ = {isa = PBXFileReference; fileEncoding = 4; lastKnownFileType = sourcecode.c.objc; path = WKRegionActivities.m; sourceTree = "<group>"; };
		68F97DF41A49123C00D2742E /* WKRegionActivity.h */ = {isa = PBXFileReference; fileEncoding = 4; lastKnownFileType = sourcecode.c.h; path = WKRegionActivity.h; sourceTree = "<group>"; };
		68F97DF51A49123C00D2742E /* WKRegionActivity.m */ = {isa = PBXFileReference; fileEncoding = 4; lastKnownFileType = sourcecode.c.objc; path = WKRegionActivity.m; sourceTree = "<group>"; };
		68F97DF61A49123C00D2742E /* RegionsTableViewCell.h */ = {isa = PBXFileReference; fileEncoding = 4; lastKnownFileType = sourcecode.c.h; path = RegionsTableViewCell.h; sourceTree = "<group>"; };
		68F97DF71A49123C00D2742E /* RegionsTableViewCell.m */ = {isa = PBXFileReference; fileEncoding = 4; lastKnownFileType = sourcecode.c.objc; path = RegionsTableViewCell.m; sourceTree = "<group>"; };
		68F97DF81A49123C00D2742E /* RegionsViewController.h */ = {isa = PBXFileReference; fileEncoding = 4; lastKnownFileType = sourcecode.c.h; path = RegionsViewController.h; sourceTree = "<group>"; };
		68F97DF91A49123C00D2742E /* RegionsViewController.m */ = {isa = PBXFileReference; fileEncoding = 4; lastKnownFileType = sourcecode.c.objc; path = RegionsViewController.m; sourceTree = "<group>"; };
/* End PBXFileReference section */

/* Begin PBXFrameworksBuildPhase section */
		68F97DB81A49117D00D2742E /* Frameworks */ = {
			isa = PBXFrameworksBuildPhase;
			buildActionMask = 2147483647;
			files = (
				68F97DE91A49119B00D2742E /* CoreBluetooth.framework in Frameworks */,
				68F97DE71A49119500D2742E /* CoreLocation.framework in Frameworks */,
				68F97DE51A49118C00D2742E /* JavaScriptCore.framework in Frameworks */,
			);
			runOnlyForDeploymentPostprocessing = 0;
		};
/* End PBXFrameworksBuildPhase section */

/* Begin PBXGroup section */
		68F97DB21A49117D00D2742E = {
			isa = PBXGroup;
			children = (
				68F97DE81A49119B00D2742E /* CoreBluetooth.framework */,
				68F97DE61A49119500D2742E /* CoreLocation.framework */,
				68F97DE41A49118C00D2742E /* JavaScriptCore.framework */,
				68F97DBD1A49117D00D2742E /* RegionFramework */,
				68F97DD71A49117D00D2742E /* RegionFrameworkTests */,
				68F97DBC1A49117D00D2742E /* Products */,
			);
			sourceTree = "<group>";
		};
		68F97DBC1A49117D00D2742E /* Products */ = {
			isa = PBXGroup;
			children = (
				68F97DBB1A49117D00D2742E /* RegionFramework.app */,
			);
			name = Products;
			sourceTree = "<group>";
		};
		68F97DBD1A49117D00D2742E /* RegionFramework */ = {
			isa = PBXGroup;
			children = (
				68F97DEE1A49123C00D2742E /* RegionFramework */,
				68F97DEA1A49123C00D2742E /* ActivityViewController.h */,
				68F97DEB1A49123C00D2742E /* ActivityViewController.m */,
				68F97DEC1A49123C00D2742E /* BeaconsViewController.h */,
				68F97DED1A49123C00D2742E /* BeaconsViewController.m */,
				68F97DF61A49123C00D2742E /* RegionsTableViewCell.h */,
				68F97DF71A49123C00D2742E /* RegionsTableViewCell.m */,
				68F97DF81A49123C00D2742E /* RegionsViewController.h */,
				68F97DF91A49123C00D2742E /* RegionsViewController.m */,
				68F97DC21A49117D00D2742E /* AppDelegate.h */,
				68F97DC31A49117D00D2742E /* AppDelegate.m */,
				68F97DC81A49117D00D2742E /* Main.storyboard */,
				68F97DCB1A49117D00D2742E /* Images.xcassets */,
				68F97DCD1A49117D00D2742E /* LaunchScreen.xib */,
				68F97DBE1A49117D00D2742E /* Supporting Files */,
			);
			path = RegionFramework;
			sourceTree = "<group>";
		};
		68F97DBE1A49117D00D2742E /* Supporting Files */ = {
			isa = PBXGroup;
			children = (
				68F97DBF1A49117D00D2742E /* Info.plist */,
				68F97DC01A49117D00D2742E /* main.m */,
			);
			name = "Supporting Files";
			sourceTree = "<group>";
		};
		68F97DD71A49117D00D2742E /* RegionFrameworkTests */ = {
			isa = PBXGroup;
			children = (
				68F97DDA1A49117E00D2742E /* RegionFrameworkTests.m */,
				68F97DD81A49117D00D2742E /* Supporting Files */,
			);
			path = RegionFrameworkTests;
			sourceTree = "<group>";
		};
		68F97DD81A49117D00D2742E /* Supporting Files */ = {
			isa = PBXGroup;
			children = (
				68F97DD91A49117E00D2742E /* Info.plist */,
			);
			name = "Supporting Files";
			sourceTree = "<group>";
		};
		68F97DEE1A49123C00D2742E /* RegionFramework */ = {
			isa = PBXGroup;
			children = (
				68F97DEF1A49123C00D2742E /* WKJs.h */,
				68F97DF01A49123C00D2742E /* WKJs.m */,
				68F97DF11A49123C00D2742E /* WKJs.md */,
				68F97DF21A49123C00D2742E /* WKRegionActivities.h */,
				68F97DF31A49123C00D2742E /* WKRegionActivities.m */,
				68F97DF41A49123C00D2742E /* WKRegionActivity.h */,
				68F97DF51A49123C00D2742E /* WKRegionActivity.m */,
			);
			path = RegionFramework;
			sourceTree = "<group>";
		};
/* End PBXGroup section */

/* Begin PBXNativeTarget section */
		68F97DBA1A49117D00D2742E /* RegionFramework */ = {
			isa = PBXNativeTarget;
			buildConfigurationList = 68F97DDE1A49117E00D2742E /* Build configuration list for PBXNativeTarget "RegionFramework" */;
			buildPhases = (
				68F97DB71A49117D00D2742E /* Sources */,
				68F97DB81A49117D00D2742E /* Frameworks */,
				68F97DB91A49117D00D2742E /* Resources */,
			);
			buildRules = (
			);
			dependencies = (
			);
			name = RegionFramework;
			productName = RegionFramework;
			productReference = 68F97DBB1A49117D00D2742E /* RegionFramework.app */;
			productType = "com.apple.product-type.application";
		};
/* End PBXNativeTarget section */

/* Begin PBXProject section */
		68F97DB31A49117D00D2742E /* Project object */ = {
			isa = PBXProject;
			attributes = {
				LastUpgradeCheck = 0610;
				ORGANIZATIONNAME = "秦 道平";
				TargetAttributes = {
					68F97DBA1A49117D00D2742E = {
						CreatedOnToolsVersion = 6.1.1;
					};
				};
			};
			buildConfigurationList = 68F97DB61A49117D00D2742E /* Build configuration list for PBXProject "RegionFramework" */;
			compatibilityVersion = "Xcode 3.2";
			developmentRegion = English;
			hasScannedForEncodings = 0;
			knownRegions = (
				en,
				Base,
			);
			mainGroup = 68F97DB21A49117D00D2742E;
			productRefGroup = 68F97DBC1A49117D00D2742E /* Products */;
			projectDirPath = "";
			projectRoot = "";
			targets = (
				68F97DBA1A49117D00D2742E /* RegionFramework */,
			);
		};
/* End PBXProject section */

/* Begin PBXResourcesBuildPhase section */
		68F97DB91A49117D00D2742E /* Resources */ = {
			isa = PBXResourcesBuildPhase;
			buildActionMask = 2147483647;
			files = (
				68F97DCA1A49117D00D2742E /* Main.storyboard in Resources */,
				68F97DCF1A49117D00D2742E /* LaunchScreen.xib in Resources */,
				68F97DCC1A49117D00D2742E /* Images.xcassets in Resources */,
			);
			runOnlyForDeploymentPostprocessing = 0;
		};
/* End PBXResourcesBuildPhase section */

/* Begin PBXSourcesBuildPhase section */
		68F97DB71A49117D00D2742E /* Sources */ = {
			isa = PBXSourcesBuildPhase;
			buildActionMask = 2147483647;
			files = (
				68F97DFF1A49123C00D2742E /* WKRegionActivity.m in Sources */,
				68F97DFE1A49123C00D2742E /* WKRegionActivities.m in Sources */,
				68F97DFB1A49123C00D2742E /* BeaconsViewController.m in Sources */,
				68F97E001A49123C00D2742E /* RegionsTableViewCell.m in Sources */,
				68F97DC41A49117D00D2742E /* AppDelegate.m in Sources */,
				68F97DC11A49117D00D2742E /* main.m in Sources */,
				68F97E011A49123C00D2742E /* RegionsViewController.m in Sources */,
				68F97DFC1A49123C00D2742E /* WKJs.m in Sources */,
				68F97DFA1A49123C00D2742E /* ActivityViewController.m in Sources */,
			);
			runOnlyForDeploymentPostprocessing = 0;
		};
/* End PBXSourcesBuildPhase section */

/* Begin PBXVariantGroup section */
		68F97DC81A49117D00D2742E /* Main.storyboard */ = {
			isa = PBXVariantGroup;
			children = (
				68F97DC91A49117D00D2742E /* Base */,
			);
			name = Main.storyboard;
			sourceTree = "<group>";
		};
		68F97DCD1A49117D00D2742E /* LaunchScreen.xib */ = {
			isa = PBXVariantGroup;
			children = (
				68F97DCE1A49117D00D2742E /* Base */,
			);
			name = LaunchScreen.xib;
			sourceTree = "<group>";
		};
/* End PBXVariantGroup section */

/* Begin XCBuildConfiguration section */
		68F97DDC1A49117E00D2742E /* Debug */ = {
			isa = XCBuildConfiguration;
			buildSettings = {
				ALWAYS_SEARCH_USER_PATHS = NO;
				CLANG_CXX_LANGUAGE_STANDARD = "gnu++0x";
				CLANG_CXX_LIBRARY = "libc++";
				CLANG_ENABLE_MODULES = YES;
				CLANG_ENABLE_OBJC_ARC = YES;
				CLANG_WARN_BOOL_CONVERSION = YES;
				CLANG_WARN_CONSTANT_CONVERSION = YES;
				CLANG_WARN_DIRECT_OBJC_ISA_USAGE = YES_ERROR;
				CLANG_WARN_EMPTY_BODY = YES;
				CLANG_WARN_ENUM_CONVERSION = YES;
				CLANG_WARN_INT_CONVERSION = YES;
				CLANG_WARN_OBJC_ROOT_CLASS = YES_ERROR;
				CLANG_WARN_UNREACHABLE_CODE = YES;
				CLANG_WARN__DUPLICATE_METHOD_MATCH = YES;
				"CODE_SIGN_IDENTITY[sdk=iphoneos*]" = "iPhone Developer";
				COPY_PHASE_STRIP = NO;
				ENABLE_STRICT_OBJC_MSGSEND = YES;
				GCC_C_LANGUAGE_STANDARD = gnu99;
				GCC_DYNAMIC_NO_PIC = NO;
				GCC_OPTIMIZATION_LEVEL = 0;
				GCC_PREPROCESSOR_DEFINITIONS = (
					"DEBUG=1",
					"$(inherited)",
				);
				GCC_SYMBOLS_PRIVATE_EXTERN = NO;
				GCC_WARN_64_TO_32_BIT_CONVERSION = YES;
				GCC_WARN_ABOUT_RETURN_TYPE = YES_ERROR;
				GCC_WARN_UNDECLARED_SELECTOR = YES;
				GCC_WARN_UNINITIALIZED_AUTOS = YES_AGGRESSIVE;
				GCC_WARN_UNUSED_FUNCTION = YES;
				GCC_WARN_UNUSED_VARIABLE = YES;
				IPHONEOS_DEPLOYMENT_TARGET = 8.1;
				MTL_ENABLE_DEBUG_INFO = YES;
				ONLY_ACTIVE_ARCH = YES;
				SDKROOT = iphoneos;
			};
			name = Debug;
		};
		68F97DDD1A49117E00D2742E /* Release */ = {
			isa = XCBuildConfiguration;
			buildSettings = {
				ALWAYS_SEARCH_USER_PATHS = NO;
				CLANG_CXX_LANGUAGE_STANDARD = "gnu++0x";
				CLANG_CXX_LIBRARY = "libc++";
				CLANG_ENABLE_MODULES = YES;
				CLANG_ENABLE_OBJC_ARC = YES;
				CLANG_WARN_BOOL_CONVERSION = YES;
				CLANG_WARN_CONSTANT_CONVERSION = YES;
				CLANG_WARN_DIRECT_OBJC_ISA_USAGE = YES_ERROR;
				CLANG_WARN_EMPTY_BODY = YES;
				CLANG_WARN_ENUM_CONVERSION = YES;
				CLANG_WARN_INT_CONVERSION = YES;
				CLANG_WARN_OBJC_ROOT_CLASS = YES_ERROR;
				CLANG_WARN_UNREACHABLE_CODE = YES;
				CLANG_WARN__DUPLICATE_METHOD_MATCH = YES;
				"CODE_SIGN_IDENTITY[sdk=iphoneos*]" = "iPhone Developer";
				COPY_PHASE_STRIP = YES;
				ENABLE_NS_ASSERTIONS = NO;
				ENABLE_STRICT_OBJC_MSGSEND = YES;
				GCC_C_LANGUAGE_STANDARD = gnu99;
				GCC_WARN_64_TO_32_BIT_CONVERSION = YES;
				GCC_WARN_ABOUT_RETURN_TYPE = YES_ERROR;
				GCC_WARN_UNDECLARED_SELECTOR = YES;
				GCC_WARN_UNINITIALIZED_AUTOS = YES_AGGRESSIVE;
				GCC_WARN_UNUSED_FUNCTION = YES;
				GCC_WARN_UNUSED_VARIABLE = YES;
				IPHONEOS_DEPLOYMENT_TARGET = 8.1;
				MTL_ENABLE_DEBUG_INFO = NO;
				SDKROOT = iphoneos;
				VALIDATE_PRODUCT = YES;
			};
			name = Release;
		};
		68F97DDF1A49117E00D2742E /* Debug */ = {
			isa = XCBuildConfiguration;
			buildSettings = {
				ASSETCATALOG_COMPILER_APPICON_NAME = AppIcon;
				INFOPLIST_FILE = RegionFramework/Info.plist;
				LD_RUNPATH_SEARCH_PATHS = "$(inherited) @executable_path/Frameworks";
				PRODUCT_NAME = "$(TARGET_NAME)";
			};
			name = Debug;
		};
		68F97DE01A49117E00D2742E /* Release */ = {
			isa = XCBuildConfiguration;
			buildSettings = {
				ASSETCATALOG_COMPILER_APPICON_NAME = AppIcon;
				INFOPLIST_FILE = RegionFramework/Info.plist;
				LD_RUNPATH_SEARCH_PATHS = "$(inherited) @executable_path/Frameworks";
				PRODUCT_NAME = "$(TARGET_NAME)";
			};
			name = Release;
		};
/* End XCBuildConfiguration section */

/* Begin XCConfigurationList section */
		68F97DB61A49117D00D2742E /* Build configuration list for PBXProject "RegionFramework" */ = {
			isa = XCConfigurationList;
			buildConfigurations = (
				68F97DDC1A49117E00D2742E /* Debug */,
				68F97DDD1A49117E00D2742E /* Release */,
			);
			defaultConfigurationIsVisible = 0;
			defaultConfigurationName = Release;
		};
		68F97DDE1A49117E00D2742E /* Build configuration list for PBXNativeTarget "RegionFramework" */ = {
			isa = XCConfigurationList;
			buildConfigurations = (
				68F97DDF1A49117E00D2742E /* Debug */,
				68F97DE01A49117E00D2742E /* Release */,
			);
			defaultConfigurationIsVisible = 0;
		};
/* End XCConfigurationList section */
	};
	rootObject = 68F97DB31A49117D00D2742E /* Project object */;
}
